
Microsoft Visual Studio Solution File, Format Version 12.00
# Visual Studio Version 16
VisualStudioVersion = 16.0.33027.164
MinimumVisualStudioVersion = 10.0.40219.1
Project("{FAE04EC0-301F-11D3-BF4B-00C04F79EFBC}") = "Studio", "Studio.csproj", "{BB51A444-6247-413C-9821-7346E602CC99}"
EndProject
Global
	GlobalSection(SolutionConfigurationPlatforms) = preSolution
		Debug|Any CPU = Debug|Any CPU
		Release|Any CPU = Release|Any CPU
	EndGlobalSection
	GlobalSection(ProjectConfigurationPlatforms) = postSolution
		{BB51A444-6247-413C-9821-7346E602CC99}.Debug|Any CPU.ActiveCfg = Debug|Any CPU
		{BB51A444-6247-413C-9821-7346E602CC99}.Debug|Any CPU.Build.0 = Debug|Any CPU
		{BB51A444-6247-413C-9821-7346E602CC99}.Release|Any CPU.ActiveCfg = Release|Any CPU
		{BB51A444-6247-413C-9821-7346E602CC99}.Release|Any CPU.Build.0 = Release|Any CPU
	EndGlobalSection
	GlobalSection(SolutionProperties) = preSolution
		HideSolutionNode = FALSE
	EndGlobalSection
	GlobalSection(ExtensibilityGlobals) = postSolution
		SolutionGuid = {A53016A6-B692-4488-B7E0-A6DDC1912F0B}
	EndGlobalSection
EndGlobal
